// !$*UTF8*$!
{
	archiveVersion = 1;
	classes = {
	};
	objectVersion = 46;
	objects = {

/* Begin PBXBuildFile section */
		77AF26051E77AF8900CF110E /* wiggleMethod.m in Sources */ = {isa = PBXBuildFile; fileRef = 77AF26041E77AF8900CF110E /* wiggleMethod.m */; };
		77AF26081E77B1B600CF110E /* app.m in Sources */ = {isa = PBXBuildFile; fileRef = 77AF26071E77B1B600CF110E /* app.m */; };
		77B4B4481E3952E2006263EE /* main.m in Sources */ = {isa = PBXBuildFile; fileRef = 77B4B4471E3952E2006263EE /* main.m */; };
		77B4B4551E3953CE006263EE /* Expose.icns in Resources */ = {isa = PBXBuildFile; fileRef = 77B4B4541E3953CE006263EE /* Expose.icns */; };
		77B4B4571E395F9B006263EE /* processes.m in Sources */ = {isa = PBXBuildFile; fileRef = 77B4B4561E395F9B006263EE /* processes.m */; };
/* End PBXBuildFile section */

/* Begin PBXFileReference section */
		77AF26041E77AF8900CF110E /* wiggleMethod.m */ = {isa = PBXFileReference; fileEncoding = 4; lastKnownFileType = sourcecode.c.objc; path = wiggleMethod.m; sourceTree = "<group>"; };
		77AF26061E77AF9F00CF110E /* wiggleMethod.h */ = {isa = PBXFileReference; lastKnownFileType = sourcecode.c.h; path = wiggleMethod.h; sourceTree = "<group>"; };
		77AF26071E77B1B600CF110E /* app.m */ = {isa = PBXFileReference; fileEncoding = 4; lastKnownFileType = sourcecode.c.objc; path = app.m; sourceTree = "<group>"; };
		77AF26091E77B29400CF110E /* app.h */ = {isa = PBXFileReference; lastKnownFileType = sourcecode.c.h; path = app.h; sourceTree = "<group>"; };
		77B4B4401E3952E2006263EE /* missionControlFullDesktopBar.app */ = {isa = PBXFileReference; explicitFileType = wrapper.application; includeInIndex = 0; path = missionControlFullDesktopBar.app; sourceTree = BUILT_PRODUCTS_DIR; };
		77B4B4471E3952E2006263EE /* main.m */ = {isa = PBXFileReference; lastKnownFileType = sourcecode.c.objc; path = main.m; sourceTree = "<group>"; };
		77B4B44E1E3952E2006263EE /* Info.plist */ = {isa = PBXFileReference; lastKnownFileType = text.plist.xml; path = Info.plist; sourceTree = "<group>"; };
		77B4B4541E3953CE006263EE /* Expose.icns */ = {isa = PBXFileReference; lastKnownFileType = image.icns; path = Expose.icns; sourceTree = "<group>"; };
		77B4B4561E395F9B006263EE /* processes.m */ = {isa = PBXFileReference; fileEncoding = 4; lastKnownFileType = sourcecode.c.objc; path = processes.m; sourceTree = "<group>"; };
		77B4B4581E39607F006263EE /* processes.h */ = {isa = PBXFileReference; lastKnownFileType = sourcecode.c.h; path = processes.h; sourceTree = "<group>"; };
/* End PBXFileReference section */

/* Begin PBXFrameworksBuildPhase section */
		77B4B43D1E3952E2006263EE /* Frameworks */ = {
			isa = PBXFrameworksBuildPhase;
			buildActionMask = 2147483647;
			files = (
			);
			runOnlyForDeploymentPostprocessing = 0;
		};
/* End PBXFrameworksBuildPhase section */

/* Begin PBXGroup section */
		77B4B4371E3952E2006263EE = {
			isa = PBXGroup;
			children = (
				77B4B4421E3952E2006263EE /* missionControlFullDesktopBar */,
				77B4B4411E3952E2006263EE /* Products */,
			);
			sourceTree = "<group>";
		};
		77B4B4411E3952E2006263EE /* Products */ = {
			isa = PBXGroup;
			children = (
				77B4B4401E3952E2006263EE /* missionControlFullDesktopBar.app */,
			);
			name = Products;
			sourceTree = "<group>";
		};
		77B4B4421E3952E2006263EE /* missionControlFullDesktopBar */ = {
			isa = PBXGroup;
			children = (
				77B4B44E1E3952E2006263EE /* Info.plist */,
				77B4B4541E3953CE006263EE /* Expose.icns */,
				77B4B4471E3952E2006263EE /* main.m */,
				77AF26091E77B29400CF110E /* app.h */,
				77AF26071E77B1B600CF110E /* app.m */,
				77AF26041E77AF8900CF110E /* wiggleMethod.m */,
				77AF26061E77AF9F00CF110E /* wiggleMethod.h */,
				77B4B4561E395F9B006263EE /* processes.m */,
				77B4B4581E39607F006263EE /* processes.h */,
			);
			path = missionControlFullDesktopBar;
			sourceTree = "<group>";
		};
/* End PBXGroup section */

/* Begin PBXNativeTarget section */
		77B4B43F1E3952E2006263EE /* missionControlFullDesktopBar */ = {
			isa = PBXNativeTarget;
			buildConfigurationList = 77B4B4511E3952E2006263EE /* Build configuration list for PBXNativeTarget "missionControlFullDesktopBar" */;
			buildPhases = (
				77B4B43C1E3952E2006263EE /* Sources */,
				77B4B43D1E3952E2006263EE /* Frameworks */,
				77B4B43E1E3952E2006263EE /* Resources */,
			);
			buildRules = (
			);
			dependencies = (
			);
			name = missionControlFullDesktopBar;
			productName = missionControlFullDesktopBar;
			productReference = 77B4B4401E3952E2006263EE /* missionControlFullDesktopBar.app */;
			productType = "com.apple.product-type.application";
		};
/* End PBXNativeTarget section */

/* Begin PBXProject section */
		77B4B4381E3952E2006263EE /* Project object */ = {
			isa = PBXProject;
			attributes = {
				LastUpgradeCheck = 0820;
				ORGANIZATIONNAME = "Brian Kendall";
				TargetAttributes = {
					77B4B43F1E3952E2006263EE = {
						CreatedOnToolsVersion = 8.2.1;
						DevelopmentTeam = F8M4YUY649;
						ProvisioningStyle = Automatic;
					};
				};
			};
			buildConfigurationList = 77B4B43B1E3952E2006263EE /* Build configuration list for PBXProject "missionControlFullDesktopBar" */;
			compatibilityVersion = "Xcode 3.2";
			developmentRegion = English;
			hasScannedForEncodings = 0;
			knownRegions = (
				en,
				Base,
			);
			mainGroup = 77B4B4371E3952E2006263EE;
			productRefGroup = 77B4B4411E3952E2006263EE /* Products */;
			projectDirPath = "";
			projectRoot = "";
			targets = (
				77B4B43F1E3952E2006263EE /* missionControlFullDesktopBar */,
			);
		};
/* End PBXProject section */

/* Begin PBXResourcesBuildPhase section */
		77B4B43E1E3952E2006263EE /* Resources */ = {
			isa = PBXResourcesBuildPhase;
			buildActionMask = 2147483647;
			files = (
				77B4B4551E3953CE006263EE /* Expose.icns in Resources */,
			);
			runOnlyForDeploymentPostprocessing = 0;
		};
/* End PBXResourcesBuildPhase section */

/* Begin PBXSourcesBuildPhase section */
		77B4B43C1E3952E2006263EE /* Sources */ = {
			isa = PBXSourcesBuildPhase;
			buildActionMask = 2147483647;
			files = (
				77B4B4481E3952E2006263EE /* main.m in Sources */,
				77B4B4571E395F9B006263EE /* processes.m in Sources */,
				77AF26081E77B1B600CF110E /* app.m in Sources */,
				77AF26051E77AF8900CF110E /* wiggleMethod.m in Sources */,
			);
			runOnlyForDeploymentPostprocessing = 0;
		};
/* End PBXSourcesBuildPhase section */

/* Begin XCBuildConfiguration section */
		77B4B44F1E3952E2006263EE /* Debug */ = {
			isa = XCBuildConfiguration;
			buildSettings = {
				ALWAYS_SEARCH_USER_PATHS = NO;
				CLANG_ANALYZER_NONNULL = YES;
				CLANG_CXX_LANGUAGE_STANDARD = "gnu++0x";
				CLANG_CXX_LIBRARY = "libc++";
				CLANG_ENABLE_MODULES = YES;
				CLANG_ENABLE_OBJC_ARC = YES;
				CLANG_WARN_BOOL_CONVERSION = YES;
				CLANG_WARN_CONSTANT_CONVERSION = YES;
				CLANG_WARN_DIRECT_OBJC_ISA_USAGE = YES_ERROR;
				CLANG_WARN_DOCUMENTATION_COMMENTS = YES;
				CLANG_WARN_EMPTY_BODY = YES;
				CLANG_WARN_ENUM_CONVERSION = YES;
				CLANG_WARN_INFINITE_RECURSION = YES;
				CLANG_WARN_INT_CONVERSION = YES;
				CLANG_WARN_OBJC_ROOT_CLASS = YES_ERROR;
				CLANG_WARN_SUSPICIOUS_MOVE = YES;
				CLANG_WARN_UNREACHABLE_CODE = YES;
				CLANG_WARN__DUPLICATE_METHOD_MATCH = YES;
				CODE_SIGN_IDENTITY = "-";
				COPY_PHASE_STRIP = NO;
				DEBUG_INFORMATION_FORMAT = dwarf;
				ENABLE_STRICT_OBJC_MSGSEND = YES;
				ENABLE_TESTABILITY = YES;
				GCC_C_LANGUAGE_STANDARD = gnu99;
				GCC_DYNAMIC_NO_PIC = NO;
				GCC_NO_COMMON_BLOCKS = YES;
				GCC_OPTIMIZATION_LEVEL = 0;
				GCC_PREPROCESSOR_DEFINITIONS = (
					"DEBUG=1",
					"$(inherited)",
				);
				GCC_WARN_64_TO_32_BIT_CONVERSION = YES;
				GCC_WARN_ABOUT_RETURN_TYPE = YES_ERROR;
				GCC_WARN_UNDECLARED_SELECTOR = YES;
				GCC_WARN_UNINITIALIZED_AUTOS = YES_AGGRESSIVE;
				GCC_WARN_UNUSED_FUNCTION = YES;
				GCC_WARN_UNUSED_VARIABLE = YES;
				MACOSX_DEPLOYMENT_TARGET = 10.12;
				MTL_ENABLE_DEBUG_INFO = YES;
				ONLY_ACTIVE_ARCH = YES;
				SDKROOT = macosx;
			};
			name = Debug;
		};
		77B4B4501E3952E2006263EE /* Release */ = {
			isa = XCBuildConfiguration;
			buildSettings = {
				ALWAYS_SEARCH_USER_PATHS = NO;
				CLANG_ANALYZER_NONNULL = YES;
				CLANG_CXX_LANGUAGE_STANDARD = "gnu++0x";
				CLANG_CXX_LIBRARY = "libc++";
				CLANG_ENABLE_MODULES = YES;
				CLANG_ENABLE_OBJC_ARC = YES;
				CLANG_WARN_BOOL_CONVERSION = YES;
				CLANG_WARN_CONSTANT_CONVERSION = YES;
				CLANG_WARN_DIRECT_OBJC_ISA_USAGE = YES_ERROR;
				CLANG_WARN_DOCUMENTATION_COMMENTS = YES;
				CLANG_WARN_EMPTY_BODY = YES;
				CLANG_WARN_ENUM_CONVERSION = YES;
				CLANG_WARN_INFINITE_RECURSION = YES;
				CLANG_WARN_INT_CONVERSION = YES;
				CLANG_WARN_OBJC_ROOT_CLASS = YES_ERROR;
				CLANG_WARN_SUSPICIOUS_MOVE = YES;
				CLANG_WARN_UNREACHABLE_CODE = YES;
				CLANG_WARN__DUPLICATE_METHOD_MATCH = YES;
				CODE_SIGN_IDENTITY = "-";
				COPY_PHASE_STRIP = NO;
				DEBUG_INFORMATION_FORMAT = "dwarf-with-dsym";
				ENABLE_NS_ASSERTIONS = NO;
				ENABLE_STRICT_OBJC_MSGSEND = YES;
				GCC_C_LANGUAGE_STANDARD = gnu99;
				GCC_NO_COMMON_BLOCKS = YES;
				GCC_WARN_64_TO_32_BIT_CONVERSION = YES;
				GCC_WARN_ABOUT_RETURN_TYPE = YES_ERROR;
				GCC_WARN_UNDECLARED_SELECTOR = YES;
				GCC_WARN_UNINITIALIZED_AUTOS = YES_AGGRESSIVE;
				GCC_WARN_UNUSED_FUNCTION = YES;
				GCC_WARN_UNUSED_VARIABLE = YES;
				MACOSX_DEPLOYMENT_TARGET = 10.12;
				MTL_ENABLE_DEBUG_INFO = NO;
				SDKROOT = macosx;
			};
			name = Release;
		};
		77B4B4521E3952E2006263EE /* Debug */ = {
			isa = XCBuildConfiguration;
			buildSettings = {
				COMBINE_HIDPI_IMAGES = YES;
				DEVELOPMENT_TEAM = F8M4YUY649;
				INFOPLIST_FILE = missionControlFullDesktopBar/Info.plist;
				LD_RUNPATH_SEARCH_PATHS = "$(inherited) @executable_path/../Frameworks";
				PRODUCT_BUNDLE_IDENTIFIER = net.briankendall.missionControlFullDesktopBar;
				PRODUCT_NAME = "$(TARGET_NAME)";
			};
			name = Debug;
		};
		77B4B4531E3952E2006263EE /* Release */ = {
			isa = XCBuildConfiguration;
			buildSettings = {
				COMBINE_HIDPI_IMAGES = YES;
				DEVELOPMENT_TEAM = F8M4YUY649;
				INFOPLIST_FILE = missionControlFullDesktopBar/Info.plist;
				LD_RUNPATH_SEARCH_PATHS = "$(inherited) @executable_path/../Frameworks";
				PRODUCT_BUNDLE_IDENTIFIER = net.briankendall.missionControlFullDesktopBar;
				PRODUCT_NAME = "$(TARGET_NAME)";
			};
			name = Release;
		};
/* End XCBuildConfiguration section */

/* Begin XCConfigurationList section */
		77B4B43B1E3952E2006263EE /* Build configuration list for PBXProject "missionControlFullDesktopBar" */ = {
			isa = XCConfigurationList;
			buildConfigurations = (
				77B4B44F1E3952E2006263EE /* Debug */,
				77B4B4501E3952E2006263EE /* Release */,
			);
			defaultConfigurationIsVisible = 0;
			defaultConfigurationName = Release;
		};
		77B4B4511E3952E2006263EE /* Build configuration list for PBXNativeTarget "missionControlFullDesktopBar" */ = {
			isa = XCConfigurationList;
			buildConfigurations = (
				77B4B4521E3952E2006263EE /* Debug */,
				77B4B4531E3952E2006263EE /* Release */,
			);
			defaultConfigurationIsVisible = 0;
			defaultConfigurationName = Release;
		};
/* End XCConfigurationList section */
	};
	rootObject = 77B4B4381E3952E2006263EE /* Project object */;
}
